
Microsoft Visual Studio Solution File, Format Version 12.00
# Visual Studio Version 17
VisualStudioVersion = 17.0.31903.59
MinimumVisualStudioVersion = 10.0.40219.1
Project("{2150E333-8FDC-42A3-9474-1A3956D46DE8}") = "learn_to_C#", "learn_to_C#", "{9F4E94D0-22DF-8CCC-066B-54CFE782647F}"
EndProject
Project("{FAE04EC0-301F-11D3-BF4B-00C04F79EFBC}") = "firstApplication", "learn_to_C#\firstApplication\firstApplication.csproj", "{BB5CFB00-DAF3-441B-8AC7-2E0F6D3B48CC}"
EndProject
Global
	GlobalSection(SolutionConfigurationPlatforms) = preSolution
		Debug|Any CPU = Debug|Any CPU
		Debug|x64 = Debug|x64
		Debug|x86 = Debug|x86
		Release|Any CPU = Release|Any CPU
		Release|x64 = Release|x64
		Release|x86 = Release|x86
	EndGlobalSection
	GlobalSection(ProjectConfigurationPlatforms) = postSolution
		{BB5CFB00-DAF3-441B-8AC7-2E0F6D3B48CC}.Debug|Any CPU.ActiveCfg = Debug|Any CPU
		{BB5CFB00-DAF3-441B-8AC7-2E0F6D3B48CC}.Debug|Any CPU.Build.0 = Debug|Any CPU
		{BB5CFB00-DAF3-441B-8AC7-2E0F6D3B48CC}.Debug|x64.ActiveCfg = Debug|Any CPU
		{BB5CFB00-DAF3-441B-8AC7-2E0F6D3B48CC}.Debug|x64.Build.0 = Debug|Any CPU
		{BB5CFB00-DAF3-441B-8AC7-2E0F6D3B48CC}.Debug|x86.ActiveCfg = Debug|Any CPU
		{BB5CFB00-DAF3-441B-8AC7-2E0F6D3B48CC}.Debug|x86.Build.0 = Debug|Any CPU
		{BB5CFB00-DAF3-441B-8AC7-2E0F6D3B48CC}.Release|Any CPU.ActiveCfg = Release|Any CPU
		{BB5CFB00-DAF3-441B-8AC7-2E0F6D3B48CC}.Release|Any CPU.Build.0 = Release|Any CPU
		{BB5CFB00-DAF3-441B-8AC7-2E0F6D3B48CC}.Release|x64.ActiveCfg = Release|Any CPU
		{BB5CFB00-DAF3-441B-8AC7-2E0F6D3B48CC}.Release|x64.Build.0 = Release|Any CPU
		{BB5CFB00-DAF3-441B-8AC7-2E0F6D3B48CC}.Release|x86.ActiveCfg = Release|Any CPU
		{BB5CFB00-DAF3-441B-8AC7-2E0F6D3B48CC}.Release|x86.Build.0 = Release|Any CPU
	EndGlobalSection
	GlobalSection(SolutionProperties) = preSolution
		HideSolutionNode = FALSE
	EndGlobalSection
	GlobalSection(NestedProjects) = preSolution
		{BB5CFB00-DAF3-441B-8AC7-2E0F6D3B48CC} = {9F4E94D0-22DF-8CCC-066B-54CFE782647F}
	EndGlobalSection
EndGlobal
